
Microsoft Visual Studio Solution File, Format Version 12.00
# Visual Studio Version 17
VisualStudioVersion = 17.0.31903.59
MinimumVisualStudioVersion = 10.0.40219.1
Project("{2150E333-8FDC-42A3-9474-1A3956D46DE8}") = "src", "src", "{8BC9CEB8-8B4A-11D0-8D11-00A0C91BC942}"
EndProject
Project("{FAE04EC0-301F-11D3-BF4B-00C04F79EFBC}") = "Databento.Interop", "src\Databento.Interop\Databento.Interop.csproj", "{A7FD33F6-68B0-4B1D-8C19-6C5E02C2F7E1}"
EndProject
Project("{FAE04EC0-301F-11D3-BF4B-00C04F79EFBC}") = "Databento.Client", "src\Databento.Client\Databento.Client.csproj", "{B8FE44F7-79C1-4C2E-9D2A-7D6F03D3F8F2}"
EndProject
Project("{2150E333-8FDC-42A3-9474-1A3956D46DE8}") = "examples", "examples", "{0CCA0EB9-9C5B-22E1-9E22-11B1D92CD054}"
EndProject
Project("{FAE04EC0-301F-11D3-BF4B-00C04F79EFBC}") = "LiveStreaming.Example", "examples\LiveStreaming.Example\LiveStreaming.Example.csproj", "{59996FF8-11DE-4E1F-B86A-D6917CFB5399}"
EndProject
Project("{FAE04EC0-301F-11D3-BF4B-00C04F79EFBC}") = "HistoricalData.Example", "examples\HistoricalData.Example\HistoricalData.Example.csproj", "{99428F86-7707-4A79-9901-5E0311383A43}"
EndProject
Project("{FAE04EC0-301F-11D3-BF4B-00C04F79EFBC}") = "Advanced.Example", "examples\Advanced.Example\Advanced.Example.csproj", "{55E804DB-0CD9-429D-8185-3916C157BABF}"
EndProject
Project("{FAE04EC0-301F-11D3-BF4B-00C04F79EFBC}") = "Authentication.Example", "examples\Authentication.Example\Authentication.Example.csproj", "{A1234567-89AB-CDEF-0123-456789ABCDEF}"
EndProject
Project("{FAE04EC0-301F-11D3-BF4B-00C04F79EFBC}") = "Errors.Example", "examples\Errors.Example\Errors.Example.csproj", "{B2345678-9ABC-DEF0-1234-56789ABCDEF0}"
EndProject
Project("{FAE04EC0-301F-11D3-BF4B-00C04F79EFBC}") = "SizeLimits.Example", "examples\SizeLimits.Example\SizeLimits.Example.csproj", "{C3456789-ABCD-EF01-2345-6789ABCDEF01}"
EndProject
Project("{FAE04EC0-301F-11D3-BF4B-00C04F79EFBC}") = "Historical.Example", "examples\Historical.Example\Historical.Example.csproj", "{D4567890-BCDE-F012-3456-789ABCDEF012}"
EndProject
Project("{FAE04EC0-301F-11D3-BF4B-00C04F79EFBC}") = "Metadata.Example", "examples\Metadata.Example\Metadata.Example.csproj", "{E5678901-CDEF-0123-4567-89ABCDEF0123}"
EndProject
Project("{FAE04EC0-301F-11D3-BF4B-00C04F79EFBC}") = "Symbology.Example", "examples\Symbology.Example\Symbology.Example.csproj", "{F6789012-DEF0-1234-5678-9ABCDEF01234}"
EndProject
Project("{FAE04EC0-301F-11D3-BF4B-00C04F79EFBC}") = "Batch.Example", "examples\Batch.Example\Batch.Example.csproj", "{10890123-EF01-2345-6789-ABCDEF012345}"
EndProject
Project("{FAE04EC0-301F-11D3-BF4B-00C04F79EFBC}") = "DbnFileReader.Example", "examples\DbnFileReader.Example\DbnFileReader.Example.csproj", "{21901234-F012-3456-789A-BCDEF0123456}"
EndProject
Project("{FAE04EC0-301F-11D3-BF4B-00C04F79EFBC}") = "SymbolMap.Example", "examples\SymbolMap.Example\SymbolMap.Example.csproj", "{32012345-0123-4567-89AB-CDEF01234567}"
EndProject
Project("{FAE04EC0-301F-11D3-BF4B-00C04F79EFBC}") = "DiagnosticTest", "examples\DiagnosticTest\DiagnosticTest.csproj", "{6143503F-C9DB-4630-821C-3475738F7CA7}"
EndProject
Project("{FAE04EC0-301F-11D3-BF4B-00C04F79EFBC}") = "DiagnosticTest2", "examples\DiagnosticTest2\DiagnosticTest2.csproj", "{DC781138-A3D5-4AD9-8290-F92FBEF828C1}"
EndProject
Project("{FAE04EC0-301F-11D3-BF4B-00C04F79EFBC}") = "TimestampValidationTest", "examples\TimestampValidationTest\TimestampValidationTest.csproj", "{139FA523-CAF0-4EE4-8C5F-C4AE417473A5}"
EndProject
Project("{FAE04EC0-301F-11D3-BF4B-00C04F79EFBC}") = "LiveAuthentication.Example", "examples\LiveAuthentication.Example\LiveAuthentication.Example.csproj", "{980DE681-BBA8-481A-A3AE-42D0918E079B}"
EndProject
Project("{FAE04EC0-301F-11D3-BF4B-00C04F79EFBC}") = "IntradayReplay.Example", "examples\IntradayReplay.Example\IntradayReplay.Example.csproj", "{5035EAAB-C8E2-45E1-8DEB-66C3CDBAA5DB}"
EndProject
Project("{FAE04EC0-301F-11D3-BF4B-00C04F79EFBC}") = "Snapshot.Example", "examples\Snapshot.Example\Snapshot.Example.csproj", "{B20C7BE9-8BFB-46F0-883D-BE29861114DA}"
EndProject
Project("{FAE04EC0-301F-11D3-BF4B-00C04F79EFBC}") = "LiveBlocking.Example", "examples\LiveBlocking.Example\LiveBlocking.Example.csproj", "{E3DE301D-EE20-439D-865B-A13ADFF11332}"
EndProject
Project("{FAE04EC0-301F-11D3-BF4B-00C04F79EFBC}") = "MultipleSubscriptions.Example", "examples\MultipleSubscriptions.Example\MultipleSubscriptions.Example.csproj", "{211DA789-27EF-4339-A52F-79F87E3E36DA}"
EndProject
Project("{FAE04EC0-301F-11D3-BF4B-00C04F79EFBC}") = "SnapshotSubscription.Example", "examples\SnapshotSubscription.Example\SnapshotSubscription.Example.csproj", "{8FF1199E-BABF-48F9-A0B2-1CCFAF57261B}"
EndProject
Project("{FAE04EC0-301F-11D3-BF4B-00C04F79EFBC}") = "StartWithMetadata.Example", "examples\StartWithMetadata.Example\StartWithMetadata.Example.csproj", "{5F96E107-560F-4082-A4EB-33B128836EC9}"
EndProject
Project("{FAE04EC0-301F-11D3-BF4B-00C04F79EFBC}") = "LiveBlocking.Comprehensive.Example", "examples\LiveBlocking.Comprehensive.Example\LiveBlocking.Comprehensive.Example.csproj", "{755E6E0D-44E4-47C5-A677-DAD12A61BD8A}"
EndProject
Project("{FAE04EC0-301F-11D3-BF4B-00C04F79EFBC}") = "LiveThreaded.Comprehensive.Example", "examples\LiveThreaded.Comprehensive.Example\LiveThreaded.Comprehensive.Example.csproj", "{C8B439DF-C2FA-4966-845C-947E96D400CB}"
EndProject
Project("{FAE04EC0-301F-11D3-BF4B-00C04F79EFBC}") = "LiveThreaded.ExceptionCallback.Example", "examples\LiveThreaded.ExceptionCallback.Example\LiveThreaded.ExceptionCallback.Example.csproj", "{5068BD0E-6348-4A13-AE87-346A55BFB834}"
EndProject
Project("{FAE04EC0-301F-11D3-BF4B-00C04F79EFBC}") = "Reference.Example", "examples\Reference.Example\Reference.Example.csproj", "{DB666BA2-1464-4C0D-85FD-E55D2FF90C4F}"
EndProject
Global
	GlobalSection(SolutionConfigurationPlatforms) = preSolution
		Debug|Any CPU = Debug|Any CPU
		Debug|x64 = Debug|x64
		Debug|x86 = Debug|x86
		Release|Any CPU = Release|Any CPU
		Release|x64 = Release|x64
		Release|x86 = Release|x86
	EndGlobalSection
	GlobalSection(ProjectConfigurationPlatforms) = postSolution
		{A7FD33F6-68B0-4B1D-8C19-6C5E02C2F7E1}.Debug|Any CPU.ActiveCfg = Debug|Any CPU
		{A7FD33F6-68B0-4B1D-8C19-6C5E02C2F7E1}.Debug|Any CPU.Build.0 = Debug|Any CPU
		{A7FD33F6-68B0-4B1D-8C19-6C5E02C2F7E1}.Debug|x64.ActiveCfg = Debug|Any CPU
		{A7FD33F6-68B0-4B1D-8C19-6C5E02C2F7E1}.Debug|x64.Build.0 = Debug|Any CPU
		{A7FD33F6-68B0-4B1D-8C19-6C5E02C2F7E1}.Debug|x86.ActiveCfg = Debug|Any CPU
		{A7FD33F6-68B0-4B1D-8C19-6C5E02C2F7E1}.Debug|x86.Build.0 = Debug|Any CPU
		{A7FD33F6-68B0-4B1D-8C19-6C5E02C2F7E1}.Release|Any CPU.ActiveCfg = Release|Any CPU
		{A7FD33F6-68B0-4B1D-8C19-6C5E02C2F7E1}.Release|Any CPU.Build.0 = Release|Any CPU
		{A7FD33F6-68B0-4B1D-8C19-6C5E02C2F7E1}.Release|x64.ActiveCfg = Release|Any CPU
		{A7FD33F6-68B0-4B1D-8C19-6C5E02C2F7E1}.Release|x64.Build.0 = Release|Any CPU
		{A7FD33F6-68B0-4B1D-8C19-6C5E02C2F7E1}.Release|x86.ActiveCfg = Release|Any CPU
		{A7FD33F6-68B0-4B1D-8C19-6C5E02C2F7E1}.Release|x86.Build.0 = Release|Any CPU
		{B8FE44F7-79C1-4C2E-9D2A-7D6F03D3F8F2}.Debug|Any CPU.ActiveCfg = Debug|Any CPU
		{B8FE44F7-79C1-4C2E-9D2A-7D6F03D3F8F2}.Debug|Any CPU.Build.0 = Debug|Any CPU
		{B8FE44F7-79C1-4C2E-9D2A-7D6F03D3F8F2}.Debug|x64.ActiveCfg = Debug|Any CPU
		{B8FE44F7-79C1-4C2E-9D2A-7D6F03D3F8F2}.Debug|x64.Build.0 = Debug|Any CPU
		{B8FE44F7-79C1-4C2E-9D2A-7D6F03D3F8F2}.Debug|x86.ActiveCfg = Debug|Any CPU
		{B8FE44F7-79C1-4C2E-9D2A-7D6F03D3F8F2}.Debug|x86.Build.0 = Debug|Any CPU
		{B8FE44F7-79C1-4C2E-9D2A-7D6F03D3F8F2}.Release|Any CPU.ActiveCfg = Release|Any CPU
		{B8FE44F7-79C1-4C2E-9D2A-7D6F03D3F8F2}.Release|Any CPU.Build.0 = Release|Any CPU
		{B8FE44F7-79C1-4C2E-9D2A-7D6F03D3F8F2}.Release|x64.ActiveCfg = Release|Any CPU
		{B8FE44F7-79C1-4C2E-9D2A-7D6F03D3F8F2}.Release|x64.Build.0 = Release|Any CPU
		{B8FE44F7-79C1-4C2E-9D2A-7D6F03D3F8F2}.Release|x86.ActiveCfg = Release|Any CPU
		{B8FE44F7-79C1-4C2E-9D2A-7D6F03D3F8F2}.Release|x86.Build.0 = Release|Any CPU
		{59996FF8-11DE-4E1F-B86A-D6917CFB5399}.Debug|Any CPU.ActiveCfg = Debug|Any CPU
		{59996FF8-11DE-4E1F-B86A-D6917CFB5399}.Debug|Any CPU.Build.0 = Debug|Any CPU
		{59996FF8-11DE-4E1F-B86A-D6917CFB5399}.Debug|x64.ActiveCfg = Debug|Any CPU
		{59996FF8-11DE-4E1F-B86A-D6917CFB5399}.Debug|x64.Build.0 = Debug|Any CPU
		{59996FF8-11DE-4E1F-B86A-D6917CFB5399}.Debug|x86.ActiveCfg = Debug|Any CPU
		{59996FF8-11DE-4E1F-B86A-D6917CFB5399}.Debug|x86.Build.0 = Debug|Any CPU
		{59996FF8-11DE-4E1F-B86A-D6917CFB5399}.Release|Any CPU.ActiveCfg = Release|Any CPU
		{59996FF8-11DE-4E1F-B86A-D6917CFB5399}.Release|Any CPU.Build.0 = Release|Any CPU
		{59996FF8-11DE-4E1F-B86A-D6917CFB5399}.Release|x64.ActiveCfg = Release|Any CPU
		{59996FF8-11DE-4E1F-B86A-D6917CFB5399}.Release|x64.Build.0 = Release|Any CPU
		{59996FF8-11DE-4E1F-B86A-D6917CFB5399}.Release|x86.ActiveCfg = Release|Any CPU
		{59996FF8-11DE-4E1F-B86A-D6917CFB5399}.Release|x86.Build.0 = Release|Any CPU
		{99428F86-7707-4A79-9901-5E0311383A43}.Debug|Any CPU.ActiveCfg = Debug|Any CPU
		{99428F86-7707-4A79-9901-5E0311383A43}.Debug|Any CPU.Build.0 = Debug|Any CPU
		{99428F86-7707-4A79-9901-5E0311383A43}.Debug|x64.ActiveCfg = Debug|Any CPU
		{99428F86-7707-4A79-9901-5E0311383A43}.Debug|x64.Build.0 = Debug|Any CPU
		{99428F86-7707-4A79-9901-5E0311383A43}.Debug|x86.ActiveCfg = Debug|Any CPU
		{99428F86-7707-4A79-9901-5E0311383A43}.Debug|x86.Build.0 = Debug|Any CPU
		{99428F86-7707-4A79-9901-5E0311383A43}.Release|Any CPU.ActiveCfg = Release|Any CPU
		{99428F86-7707-4A79-9901-5E0311383A43}.Release|Any CPU.Build.0 = Release|Any CPU
		{99428F86-7707-4A79-9901-5E0311383A43}.Release|x64.ActiveCfg = Release|Any CPU
		{99428F86-7707-4A79-9901-5E0311383A43}.Release|x64.Build.0 = Release|Any CPU
		{99428F86-7707-4A79-9901-5E0311383A43}.Release|x86.ActiveCfg = Release|Any CPU
		{99428F86-7707-4A79-9901-5E0311383A43}.Release|x86.Build.0 = Release|Any CPU
		{55E804DB-0CD9-429D-8185-3916C157BABF}.Debug|Any CPU.ActiveCfg = Debug|Any CPU
		{55E804DB-0CD9-429D-8185-3916C157BABF}.Debug|Any CPU.Build.0 = Debug|Any CPU
		{55E804DB-0CD9-429D-8185-3916C157BABF}.Debug|x64.ActiveCfg = Debug|Any CPU
		{55E804DB-0CD9-429D-8185-3916C157BABF}.Debug|x64.Build.0 = Debug|Any CPU
		{55E804DB-0CD9-429D-8185-3916C157BABF}.Debug|x86.ActiveCfg = Debug|Any CPU
		{55E804DB-0CD9-429D-8185-3916C157BABF}.Debug|x86.Build.0 = Debug|Any CPU
		{55E804DB-0CD9-429D-8185-3916C157BABF}.Release|Any CPU.ActiveCfg = Release|Any CPU
		{55E804DB-0CD9-429D-8185-3916C157BABF}.Release|Any CPU.Build.0 = Release|Any CPU
		{55E804DB-0CD9-429D-8185-3916C157BABF}.Release|x64.ActiveCfg = Release|Any CPU
		{55E804DB-0CD9-429D-8185-3916C157BABF}.Release|x64.Build.0 = Release|Any CPU
		{55E804DB-0CD9-429D-8185-3916C157BABF}.Release|x86.ActiveCfg = Release|Any CPU
		{55E804DB-0CD9-429D-8185-3916C157BABF}.Release|x86.Build.0 = Release|Any CPU
		{A1234567-89AB-CDEF-0123-456789ABCDEF}.Debug|Any CPU.ActiveCfg = Debug|Any CPU
		{A1234567-89AB-CDEF-0123-456789ABCDEF}.Debug|Any CPU.Build.0 = Debug|Any CPU
		{A1234567-89AB-CDEF-0123-456789ABCDEF}.Debug|x64.ActiveCfg = Debug|Any CPU
		{A1234567-89AB-CDEF-0123-456789ABCDEF}.Debug|x64.Build.0 = Debug|Any CPU
		{A1234567-89AB-CDEF-0123-456789ABCDEF}.Debug|x86.ActiveCfg = Debug|Any CPU
		{A1234567-89AB-CDEF-0123-456789ABCDEF}.Debug|x86.Build.0 = Debug|Any CPU
		{A1234567-89AB-CDEF-0123-456789ABCDEF}.Release|Any CPU.ActiveCfg = Release|Any CPU
		{A1234567-89AB-CDEF-0123-456789ABCDEF}.Release|Any CPU.Build.0 = Release|Any CPU
		{A1234567-89AB-CDEF-0123-456789ABCDEF}.Release|x64.ActiveCfg = Release|Any CPU
		{A1234567-89AB-CDEF-0123-456789ABCDEF}.Release|x64.Build.0 = Release|Any CPU
		{A1234567-89AB-CDEF-0123-456789ABCDEF}.Release|x86.ActiveCfg = Release|Any CPU
		{A1234567-89AB-CDEF-0123-456789ABCDEF}.Release|x86.Build.0 = Release|Any CPU
		{B2345678-9ABC-DEF0-1234-56789ABCDEF0}.Debug|Any CPU.ActiveCfg = Debug|Any CPU
		{B2345678-9ABC-DEF0-1234-56789ABCDEF0}.Debug|Any CPU.Build.0 = Debug|Any CPU
		{B2345678-9ABC-DEF0-1234-56789ABCDEF0}.Debug|x64.ActiveCfg = Debug|Any CPU
		{B2345678-9ABC-DEF0-1234-56789ABCDEF0}.Debug|x64.Build.0 = Debug|Any CPU
		{B2345678-9ABC-DEF0-1234-56789ABCDEF0}.Debug|x86.ActiveCfg = Debug|Any CPU
		{B2345678-9ABC-DEF0-1234-56789ABCDEF0}.Debug|x86.Build.0 = Debug|Any CPU
		{B2345678-9ABC-DEF0-1234-56789ABCDEF0}.Release|Any CPU.ActiveCfg = Release|Any CPU
		{B2345678-9ABC-DEF0-1234-56789ABCDEF0}.Release|Any CPU.Build.0 = Release|Any CPU
		{B2345678-9ABC-DEF0-1234-56789ABCDEF0}.Release|x64.ActiveCfg = Release|Any CPU
		{B2345678-9ABC-DEF0-1234-56789ABCDEF0}.Release|x64.Build.0 = Release|Any CPU
		{B2345678-9ABC-DEF0-1234-56789ABCDEF0}.Release|x86.ActiveCfg = Release|Any CPU
		{B2345678-9ABC-DEF0-1234-56789ABCDEF0}.Release|x86.Build.0 = Release|Any CPU
		{C3456789-ABCD-EF01-2345-6789ABCDEF01}.Debug|Any CPU.ActiveCfg = Debug|Any CPU
		{C3456789-ABCD-EF01-2345-6789ABCDEF01}.Debug|Any CPU.Build.0 = Debug|Any CPU
		{C3456789-ABCD-EF01-2345-6789ABCDEF01}.Debug|x64.ActiveCfg = Debug|Any CPU
		{C3456789-ABCD-EF01-2345-6789ABCDEF01}.Debug|x64.Build.0 = Debug|Any CPU
		{C3456789-ABCD-EF01-2345-6789ABCDEF01}.Debug|x86.ActiveCfg = Debug|Any CPU
		{C3456789-ABCD-EF01-2345-6789ABCDEF01}.Debug|x86.Build.0 = Debug|Any CPU
		{C3456789-ABCD-EF01-2345-6789ABCDEF01}.Release|Any CPU.ActiveCfg = Release|Any CPU
		{C3456789-ABCD-EF01-2345-6789ABCDEF01}.Release|Any CPU.Build.0 = Release|Any CPU
		{C3456789-ABCD-EF01-2345-6789ABCDEF01}.Release|x64.ActiveCfg = Release|Any CPU
		{C3456789-ABCD-EF01-2345-6789ABCDEF01}.Release|x64.Build.0 = Release|Any CPU
		{C3456789-ABCD-EF01-2345-6789ABCDEF01}.Release|x86.ActiveCfg = Release|Any CPU
		{C3456789-ABCD-EF01-2345-6789ABCDEF01}.Release|x86.Build.0 = Release|Any CPU
		{D4567890-BCDE-F012-3456-789ABCDEF012}.Debug|Any CPU.ActiveCfg = Debug|Any CPU
		{D4567890-BCDE-F012-3456-789ABCDEF012}.Debug|Any CPU.Build.0 = Debug|Any CPU
		{D4567890-BCDE-F012-3456-789ABCDEF012}.Debug|x64.ActiveCfg = Debug|Any CPU
		{D4567890-BCDE-F012-3456-789ABCDEF012}.Debug|x64.Build.0 = Debug|Any CPU
		{D4567890-BCDE-F012-3456-789ABCDEF012}.Debug|x86.ActiveCfg = Debug|Any CPU
		{D4567890-BCDE-F012-3456-789ABCDEF012}.Debug|x86.Build.0 = Debug|Any CPU
		{D4567890-BCDE-F012-3456-789ABCDEF012}.Release|Any CPU.ActiveCfg = Release|Any CPU
		{D4567890-BCDE-F012-3456-789ABCDEF012}.Release|Any CPU.Build.0 = Release|Any CPU
		{D4567890-BCDE-F012-3456-789ABCDEF012}.Release|x64.ActiveCfg = Release|Any CPU
		{D4567890-BCDE-F012-3456-789ABCDEF012}.Release|x64.Build.0 = Release|Any CPU
		{D4567890-BCDE-F012-3456-789ABCDEF012}.Release|x86.ActiveCfg = Release|Any CPU
		{D4567890-BCDE-F012-3456-789ABCDEF012}.Release|x86.Build.0 = Release|Any CPU
		{E5678901-CDEF-0123-4567-89ABCDEF0123}.Debug|Any CPU.ActiveCfg = Debug|Any CPU
		{E5678901-CDEF-0123-4567-89ABCDEF0123}.Debug|Any CPU.Build.0 = Debug|Any CPU
		{E5678901-CDEF-0123-4567-89ABCDEF0123}.Debug|x64.ActiveCfg = Debug|Any CPU
		{E5678901-CDEF-0123-4567-89ABCDEF0123}.Debug|x64.Build.0 = Debug|Any CPU
		{E5678901-CDEF-0123-4567-89ABCDEF0123}.Debug|x86.ActiveCfg = Debug|Any CPU
		{E5678901-CDEF-0123-4567-89ABCDEF0123}.Debug|x86.Build.0 = Debug|Any CPU
		{E5678901-CDEF-0123-4567-89ABCDEF0123}.Release|Any CPU.ActiveCfg = Release|Any CPU
		{E5678901-CDEF-0123-4567-89ABCDEF0123}.Release|Any CPU.Build.0 = Release|Any CPU
		{E5678901-CDEF-0123-4567-89ABCDEF0123}.Release|x64.ActiveCfg = Release|Any CPU
		{E5678901-CDEF-0123-4567-89ABCDEF0123}.Release|x64.Build.0 = Release|Any CPU
		{E5678901-CDEF-0123-4567-89ABCDEF0123}.Release|x86.ActiveCfg = Release|Any CPU
		{E5678901-CDEF-0123-4567-89ABCDEF0123}.Release|x86.Build.0 = Release|Any CPU
		{F6789012-DEF0-1234-5678-9ABCDEF01234}.Debug|Any CPU.ActiveCfg = Debug|Any CPU
		{F6789012-DEF0-1234-5678-9ABCDEF01234}.Debug|Any CPU.Build.0 = Debug|Any CPU
		{F6789012-DEF0-1234-5678-9ABCDEF01234}.Debug|x64.ActiveCfg = Debug|Any CPU
		{F6789012-DEF0-1234-5678-9ABCDEF01234}.Debug|x64.Build.0 = Debug|Any CPU
		{F6789012-DEF0-1234-5678-9ABCDEF01234}.Debug|x86.ActiveCfg = Debug|Any CPU
		{F6789012-DEF0-1234-5678-9ABCDEF01234}.Debug|x86.Build.0 = Debug|Any CPU
		{F6789012-DEF0-1234-5678-9ABCDEF01234}.Release|Any CPU.ActiveCfg = Release|Any CPU
		{F6789012-DEF0-1234-5678-9ABCDEF01234}.Release|Any CPU.Build.0 = Release|Any CPU
		{F6789012-DEF0-1234-5678-9ABCDEF01234}.Release|x64.ActiveCfg = Release|Any CPU
		{F6789012-DEF0-1234-5678-9ABCDEF01234}.Release|x64.Build.0 = Release|Any CPU
		{F6789012-DEF0-1234-5678-9ABCDEF01234}.Release|x86.ActiveCfg = Release|Any CPU
		{F6789012-DEF0-1234-5678-9ABCDEF01234}.Release|x86.Build.0 = Release|Any CPU
		{10890123-EF01-2345-6789-ABCDEF012345}.Debug|Any CPU.ActiveCfg = Debug|Any CPU
		{10890123-EF01-2345-6789-ABCDEF012345}.Debug|Any CPU.Build.0 = Debug|Any CPU
		{10890123-EF01-2345-6789-ABCDEF012345}.Debug|x64.ActiveCfg = Debug|Any CPU
		{10890123-EF01-2345-6789-ABCDEF012345}.Debug|x64.Build.0 = Debug|Any CPU
		{10890123-EF01-2345-6789-ABCDEF012345}.Debug|x86.ActiveCfg = Debug|Any CPU
		{10890123-EF01-2345-6789-ABCDEF012345}.Debug|x86.Build.0 = Debug|Any CPU
		{10890123-EF01-2345-6789-ABCDEF012345}.Release|Any CPU.ActiveCfg = Release|Any CPU
		{10890123-EF01-2345-6789-ABCDEF012345}.Release|Any CPU.Build.0 = Release|Any CPU
		{10890123-EF01-2345-6789-ABCDEF012345}.Release|x64.ActiveCfg = Release|Any CPU
		{10890123-EF01-2345-6789-ABCDEF012345}.Release|x64.Build.0 = Release|Any CPU
		{10890123-EF01-2345-6789-ABCDEF012345}.Release|x86.ActiveCfg = Release|Any CPU
		{10890123-EF01-2345-6789-ABCDEF012345}.Release|x86.Build.0 = Release|Any CPU
		{21901234-F012-3456-789A-BCDEF0123456}.Debug|Any CPU.ActiveCfg = Debug|Any CPU
		{21901234-F012-3456-789A-BCDEF0123456}.Debug|Any CPU.Build.0 = Debug|Any CPU
		{21901234-F012-3456-789A-BCDEF0123456}.Debug|x64.ActiveCfg = Debug|Any CPU
		{21901234-F012-3456-789A-BCDEF0123456}.Debug|x64.Build.0 = Debug|Any CPU
		{21901234-F012-3456-789A-BCDEF0123456}.Debug|x86.ActiveCfg = Debug|Any CPU
		{21901234-F012-3456-789A-BCDEF0123456}.Debug|x86.Build.0 = Debug|Any CPU
		{21901234-F012-3456-789A-BCDEF0123456}.Release|Any CPU.ActiveCfg = Release|Any CPU
		{21901234-F012-3456-789A-BCDEF0123456}.Release|Any CPU.Build.0 = Release|Any CPU
		{21901234-F012-3456-789A-BCDEF0123456}.Release|x64.ActiveCfg = Release|Any CPU
		{21901234-F012-3456-789A-BCDEF0123456}.Release|x64.Build.0 = Release|Any CPU
		{21901234-F012-3456-789A-BCDEF0123456}.Release|x86.ActiveCfg = Release|Any CPU
		{21901234-F012-3456-789A-BCDEF0123456}.Release|x86.Build.0 = Release|Any CPU
		{32012345-0123-4567-89AB-CDEF01234567}.Debug|Any CPU.ActiveCfg = Debug|Any CPU
		{32012345-0123-4567-89AB-CDEF01234567}.Debug|Any CPU.Build.0 = Debug|Any CPU
		{32012345-0123-4567-89AB-CDEF01234567}.Debug|x64.ActiveCfg = Debug|Any CPU
		{32012345-0123-4567-89AB-CDEF01234567}.Debug|x64.Build.0 = Debug|Any CPU
		{32012345-0123-4567-89AB-CDEF01234567}.Debug|x86.ActiveCfg = Debug|Any CPU
		{32012345-0123-4567-89AB-CDEF01234567}.Debug|x86.Build.0 = Debug|Any CPU
		{32012345-0123-4567-89AB-CDEF01234567}.Release|Any CPU.ActiveCfg = Release|Any CPU
		{32012345-0123-4567-89AB-CDEF01234567}.Release|Any CPU.Build.0 = Release|Any CPU
		{32012345-0123-4567-89AB-CDEF01234567}.Release|x64.ActiveCfg = Release|Any CPU
		{32012345-0123-4567-89AB-CDEF01234567}.Release|x64.Build.0 = Release|Any CPU
		{32012345-0123-4567-89AB-CDEF01234567}.Release|x86.ActiveCfg = Release|Any CPU
		{32012345-0123-4567-89AB-CDEF01234567}.Release|x86.Build.0 = Release|Any CPU
		{6143503F-C9DB-4630-821C-3475738F7CA7}.Debug|Any CPU.ActiveCfg = Debug|Any CPU
		{6143503F-C9DB-4630-821C-3475738F7CA7}.Debug|Any CPU.Build.0 = Debug|Any CPU
		{6143503F-C9DB-4630-821C-3475738F7CA7}.Debug|x64.ActiveCfg = Debug|Any CPU
		{6143503F-C9DB-4630-821C-3475738F7CA7}.Debug|x64.Build.0 = Debug|Any CPU
		{6143503F-C9DB-4630-821C-3475738F7CA7}.Debug|x86.ActiveCfg = Debug|Any CPU
		{6143503F-C9DB-4630-821C-3475738F7CA7}.Debug|x86.Build.0 = Debug|Any CPU
		{6143503F-C9DB-4630-821C-3475738F7CA7}.Release|Any CPU.ActiveCfg = Release|Any CPU
		{6143503F-C9DB-4630-821C-3475738F7CA7}.Release|Any CPU.Build.0 = Release|Any CPU
		{6143503F-C9DB-4630-821C-3475738F7CA7}.Release|x64.ActiveCfg = Release|Any CPU
		{6143503F-C9DB-4630-821C-3475738F7CA7}.Release|x64.Build.0 = Release|Any CPU
		{6143503F-C9DB-4630-821C-3475738F7CA7}.Release|x86.ActiveCfg = Release|Any CPU
		{6143503F-C9DB-4630-821C-3475738F7CA7}.Release|x86.Build.0 = Release|Any CPU
		{DC781138-A3D5-4AD9-8290-F92FBEF828C1}.Debug|Any CPU.ActiveCfg = Debug|Any CPU
		{DC781138-A3D5-4AD9-8290-F92FBEF828C1}.Debug|Any CPU.Build.0 = Debug|Any CPU
		{DC781138-A3D5-4AD9-8290-F92FBEF828C1}.Debug|x64.ActiveCfg = Debug|Any CPU
		{DC781138-A3D5-4AD9-8290-F92FBEF828C1}.Debug|x64.Build.0 = Debug|Any CPU
		{DC781138-A3D5-4AD9-8290-F92FBEF828C1}.Debug|x86.ActiveCfg = Debug|Any CPU
		{DC781138-A3D5-4AD9-8290-F92FBEF828C1}.Debug|x86.Build.0 = Debug|Any CPU
		{DC781138-A3D5-4AD9-8290-F92FBEF828C1}.Release|Any CPU.ActiveCfg = Release|Any CPU
		{DC781138-A3D5-4AD9-8290-F92FBEF828C1}.Release|Any CPU.Build.0 = Release|Any CPU
		{DC781138-A3D5-4AD9-8290-F92FBEF828C1}.Release|x64.ActiveCfg = Release|Any CPU
		{DC781138-A3D5-4AD9-8290-F92FBEF828C1}.Release|x64.Build.0 = Release|Any CPU
		{DC781138-A3D5-4AD9-8290-F92FBEF828C1}.Release|x86.ActiveCfg = Release|Any CPU
		{DC781138-A3D5-4AD9-8290-F92FBEF828C1}.Release|x86.Build.0 = Release|Any CPU
		{139FA523-CAF0-4EE4-8C5F-C4AE417473A5}.Debug|Any CPU.ActiveCfg = Debug|Any CPU
		{139FA523-CAF0-4EE4-8C5F-C4AE417473A5}.Debug|Any CPU.Build.0 = Debug|Any CPU
		{139FA523-CAF0-4EE4-8C5F-C4AE417473A5}.Debug|x64.ActiveCfg = Debug|Any CPU
		{139FA523-CAF0-4EE4-8C5F-C4AE417473A5}.Debug|x64.Build.0 = Debug|Any CPU
		{139FA523-CAF0-4EE4-8C5F-C4AE417473A5}.Debug|x86.ActiveCfg = Debug|Any CPU
		{139FA523-CAF0-4EE4-8C5F-C4AE417473A5}.Debug|x86.Build.0 = Debug|Any CPU
		{139FA523-CAF0-4EE4-8C5F-C4AE417473A5}.Release|Any CPU.ActiveCfg = Release|Any CPU
		{139FA523-CAF0-4EE4-8C5F-C4AE417473A5}.Release|Any CPU.Build.0 = Release|Any CPU
		{139FA523-CAF0-4EE4-8C5F-C4AE417473A5}.Release|x64.ActiveCfg = Release|Any CPU
		{139FA523-CAF0-4EE4-8C5F-C4AE417473A5}.Release|x64.Build.0 = Release|Any CPU
		{139FA523-CAF0-4EE4-8C5F-C4AE417473A5}.Release|x86.ActiveCfg = Release|Any CPU
		{139FA523-CAF0-4EE4-8C5F-C4AE417473A5}.Release|x86.Build.0 = Release|Any CPU
		{980DE681-BBA8-481A-A3AE-42D0918E079B}.Debug|Any CPU.ActiveCfg = Debug|Any CPU
		{980DE681-BBA8-481A-A3AE-42D0918E079B}.Debug|Any CPU.Build.0 = Debug|Any CPU
		{980DE681-BBA8-481A-A3AE-42D0918E079B}.Debug|x64.ActiveCfg = Debug|Any CPU
		{980DE681-BBA8-481A-A3AE-42D0918E079B}.Debug|x64.Build.0 = Debug|Any CPU
		{980DE681-BBA8-481A-A3AE-42D0918E079B}.Debug|x86.ActiveCfg = Debug|Any CPU
		{980DE681-BBA8-481A-A3AE-42D0918E079B}.Debug|x86.Build.0 = Debug|Any CPU
		{980DE681-BBA8-481A-A3AE-42D0918E079B}.Release|Any CPU.ActiveCfg = Release|Any CPU
		{980DE681-BBA8-481A-A3AE-42D0918E079B}.Release|Any CPU.Build.0 = Release|Any CPU
		{980DE681-BBA8-481A-A3AE-42D0918E079B}.Release|x64.ActiveCfg = Release|Any CPU
		{980DE681-BBA8-481A-A3AE-42D0918E079B}.Release|x64.Build.0 = Release|Any CPU
		{980DE681-BBA8-481A-A3AE-42D0918E079B}.Release|x86.ActiveCfg = Release|Any CPU
		{980DE681-BBA8-481A-A3AE-42D0918E079B}.Release|x86.Build.0 = Release|Any CPU
		{5035EAAB-C8E2-45E1-8DEB-66C3CDBAA5DB}.Debug|Any CPU.ActiveCfg = Debug|Any CPU
		{5035EAAB-C8E2-45E1-8DEB-66C3CDBAA5DB}.Debug|Any CPU.Build.0 = Debug|Any CPU
		{5035EAAB-C8E2-45E1-8DEB-66C3CDBAA5DB}.Debug|x64.ActiveCfg = Debug|Any CPU
		{5035EAAB-C8E2-45E1-8DEB-66C3CDBAA5DB}.Debug|x64.Build.0 = Debug|Any CPU
		{5035EAAB-C8E2-45E1-8DEB-66C3CDBAA5DB}.Debug|x86.ActiveCfg = Debug|Any CPU
		{5035EAAB-C8E2-45E1-8DEB-66C3CDBAA5DB}.Debug|x86.Build.0 = Debug|Any CPU
		{5035EAAB-C8E2-45E1-8DEB-66C3CDBAA5DB}.Release|Any CPU.ActiveCfg = Release|Any CPU
		{5035EAAB-C8E2-45E1-8DEB-66C3CDBAA5DB}.Release|Any CPU.Build.0 = Release|Any CPU
		{5035EAAB-C8E2-45E1-8DEB-66C3CDBAA5DB}.Release|x64.ActiveCfg = Release|Any CPU
		{5035EAAB-C8E2-45E1-8DEB-66C3CDBAA5DB}.Release|x64.Build.0 = Release|Any CPU
		{5035EAAB-C8E2-45E1-8DEB-66C3CDBAA5DB}.Release|x86.ActiveCfg = Release|Any CPU
		{5035EAAB-C8E2-45E1-8DEB-66C3CDBAA5DB}.Release|x86.Build.0 = Release|Any CPU
		{B20C7BE9-8BFB-46F0-883D-BE29861114DA}.Debug|Any CPU.ActiveCfg = Debug|Any CPU
		{B20C7BE9-8BFB-46F0-883D-BE29861114DA}.Debug|Any CPU.Build.0 = Debug|Any CPU
		{B20C7BE9-8BFB-46F0-883D-BE29861114DA}.Debug|x64.ActiveCfg = Debug|Any CPU
		{B20C7BE9-8BFB-46F0-883D-BE29861114DA}.Debug|x64.Build.0 = Debug|Any CPU
		{B20C7BE9-8BFB-46F0-883D-BE29861114DA}.Debug|x86.ActiveCfg = Debug|Any CPU
		{B20C7BE9-8BFB-46F0-883D-BE29861114DA}.Debug|x86.Build.0 = Debug|Any CPU
		{B20C7BE9-8BFB-46F0-883D-BE29861114DA}.Release|Any CPU.ActiveCfg = Release|Any CPU
		{B20C7BE9-8BFB-46F0-883D-BE29861114DA}.Release|Any CPU.Build.0 = Release|Any CPU
		{B20C7BE9-8BFB-46F0-883D-BE29861114DA}.Release|x64.ActiveCfg = Release|Any CPU
		{B20C7BE9-8BFB-46F0-883D-BE29861114DA}.Release|x64.Build.0 = Release|Any CPU
		{B20C7BE9-8BFB-46F0-883D-BE29861114DA}.Release|x86.ActiveCfg = Release|Any CPU
		{B20C7BE9-8BFB-46F0-883D-BE29861114DA}.Release|x86.Build.0 = Release|Any CPU
		{E3DE301D-EE20-439D-865B-A13ADFF11332}.Debug|Any CPU.ActiveCfg = Debug|Any CPU
		{E3DE301D-EE20-439D-865B-A13ADFF11332}.Debug|Any CPU.Build.0 = Debug|Any CPU
		{E3DE301D-EE20-439D-865B-A13ADFF11332}.Debug|x64.ActiveCfg = Debug|Any CPU
		{E3DE301D-EE20-439D-865B-A13ADFF11332}.Debug|x64.Build.0 = Debug|Any CPU
		{E3DE301D-EE20-439D-865B-A13ADFF11332}.Debug|x86.ActiveCfg = Debug|Any CPU
		{E3DE301D-EE20-439D-865B-A13ADFF11332}.Debug|x86.Build.0 = Debug|Any CPU
		{E3DE301D-EE20-439D-865B-A13ADFF11332}.Release|Any CPU.ActiveCfg = Release|Any CPU
		{E3DE301D-EE20-439D-865B-A13ADFF11332}.Release|Any CPU.Build.0 = Release|Any CPU
		{E3DE301D-EE20-439D-865B-A13ADFF11332}.Release|x64.ActiveCfg = Release|Any CPU
		{E3DE301D-EE20-439D-865B-A13ADFF11332}.Release|x64.Build.0 = Release|Any CPU
		{E3DE301D-EE20-439D-865B-A13ADFF11332}.Release|x86.ActiveCfg = Release|Any CPU
		{E3DE301D-EE20-439D-865B-A13ADFF11332}.Release|x86.Build.0 = Release|Any CPU
		{211DA789-27EF-4339-A52F-79F87E3E36DA}.Debug|Any CPU.ActiveCfg = Debug|Any CPU
		{211DA789-27EF-4339-A52F-79F87E3E36DA}.Debug|Any CPU.Build.0 = Debug|Any CPU
		{211DA789-27EF-4339-A52F-79F87E3E36DA}.Debug|x64.ActiveCfg = Debug|Any CPU
		{211DA789-27EF-4339-A52F-79F87E3E36DA}.Debug|x64.Build.0 = Debug|Any CPU
		{211DA789-27EF-4339-A52F-79F87E3E36DA}.Debug|x86.ActiveCfg = Debug|Any CPU
		{211DA789-27EF-4339-A52F-79F87E3E36DA}.Debug|x86.Build.0 = Debug|Any CPU
		{211DA789-27EF-4339-A52F-79F87E3E36DA}.Release|Any CPU.ActiveCfg = Release|Any CPU
		{211DA789-27EF-4339-A52F-79F87E3E36DA}.Release|Any CPU.Build.0 = Release|Any CPU
		{211DA789-27EF-4339-A52F-79F87E3E36DA}.Release|x64.ActiveCfg = Release|Any CPU
		{211DA789-27EF-4339-A52F-79F87E3E36DA}.Release|x64.Build.0 = Release|Any CPU
		{211DA789-27EF-4339-A52F-79F87E3E36DA}.Release|x86.ActiveCfg = Release|Any CPU
		{211DA789-27EF-4339-A52F-79F87E3E36DA}.Release|x86.Build.0 = Release|Any CPU
		{8FF1199E-BABF-48F9-A0B2-1CCFAF57261B}.Debug|Any CPU.ActiveCfg = Debug|Any CPU
		{8FF1199E-BABF-48F9-A0B2-1CCFAF57261B}.Debug|Any CPU.Build.0 = Debug|Any CPU
		{8FF1199E-BABF-48F9-A0B2-1CCFAF57261B}.Debug|x64.ActiveCfg = Debug|Any CPU
		{8FF1199E-BABF-48F9-A0B2-1CCFAF57261B}.Debug|x64.Build.0 = Debug|Any CPU
		{8FF1199E-BABF-48F9-A0B2-1CCFAF57261B}.Debug|x86.ActiveCfg = Debug|Any CPU
		{8FF1199E-BABF-48F9-A0B2-1CCFAF57261B}.Debug|x86.Build.0 = Debug|Any CPU
		{8FF1199E-BABF-48F9-A0B2-1CCFAF57261B}.Release|Any CPU.ActiveCfg = Release|Any CPU
		{8FF1199E-BABF-48F9-A0B2-1CCFAF57261B}.Release|Any CPU.Build.0 = Release|Any CPU
		{8FF1199E-BABF-48F9-A0B2-1CCFAF57261B}.Release|x64.ActiveCfg = Release|Any CPU
		{8FF1199E-BABF-48F9-A0B2-1CCFAF57261B}.Release|x64.Build.0 = Release|Any CPU
		{8FF1199E-BABF-48F9-A0B2-1CCFAF57261B}.Release|x86.ActiveCfg = Release|Any CPU
		{8FF1199E-BABF-48F9-A0B2-1CCFAF57261B}.Release|x86.Build.0 = Release|Any CPU
		{5F96E107-560F-4082-A4EB-33B128836EC9}.Debug|Any CPU.ActiveCfg = Debug|Any CPU
		{5F96E107-560F-4082-A4EB-33B128836EC9}.Debug|Any CPU.Build.0 = Debug|Any CPU
		{5F96E107-560F-4082-A4EB-33B128836EC9}.Debug|x64.ActiveCfg = Debug|Any CPU
		{5F96E107-560F-4082-A4EB-33B128836EC9}.Debug|x64.Build.0 = Debug|Any CPU
		{5F96E107-560F-4082-A4EB-33B128836EC9}.Debug|x86.ActiveCfg = Debug|Any CPU
		{5F96E107-560F-4082-A4EB-33B128836EC9}.Debug|x86.Build.0 = Debug|Any CPU
		{5F96E107-560F-4082-A4EB-33B128836EC9}.Release|Any CPU.ActiveCfg = Release|Any CPU
		{5F96E107-560F-4082-A4EB-33B128836EC9}.Release|Any CPU.Build.0 = Release|Any CPU
		{5F96E107-560F-4082-A4EB-33B128836EC9}.Release|x64.ActiveCfg = Release|Any CPU
		{5F96E107-560F-4082-A4EB-33B128836EC9}.Release|x64.Build.0 = Release|Any CPU
		{5F96E107-560F-4082-A4EB-33B128836EC9}.Release|x86.ActiveCfg = Release|Any CPU
		{5F96E107-560F-4082-A4EB-33B128836EC9}.Release|x86.Build.0 = Release|Any CPU
		{755E6E0D-44E4-47C5-A677-DAD12A61BD8A}.Debug|Any CPU.ActiveCfg = Debug|Any CPU
		{755E6E0D-44E4-47C5-A677-DAD12A61BD8A}.Debug|Any CPU.Build.0 = Debug|Any CPU
		{755E6E0D-44E4-47C5-A677-DAD12A61BD8A}.Debug|x64.ActiveCfg = Debug|Any CPU
		{755E6E0D-44E4-47C5-A677-DAD12A61BD8A}.Debug|x64.Build.0 = Debug|Any CPU
		{755E6E0D-44E4-47C5-A677-DAD12A61BD8A}.Debug|x86.ActiveCfg = Debug|Any CPU
		{755E6E0D-44E4-47C5-A677-DAD12A61BD8A}.Debug|x86.Build.0 = Debug|Any CPU
		{755E6E0D-44E4-47C5-A677-DAD12A61BD8A}.Release|Any CPU.ActiveCfg = Release|Any CPU
		{755E6E0D-44E4-47C5-A677-DAD12A61BD8A}.Release|Any CPU.Build.0 = Release|Any CPU
		{755E6E0D-44E4-47C5-A677-DAD12A61BD8A}.Release|x64.ActiveCfg = Release|Any CPU
		{755E6E0D-44E4-47C5-A677-DAD12A61BD8A}.Release|x64.Build.0 = Release|Any CPU
		{755E6E0D-44E4-47C5-A677-DAD12A61BD8A}.Release|x86.ActiveCfg = Release|Any CPU
		{755E6E0D-44E4-47C5-A677-DAD12A61BD8A}.Release|x86.Build.0 = Release|Any CPU
		{C8B439DF-C2FA-4966-845C-947E96D400CB}.Debug|Any CPU.ActiveCfg = Debug|Any CPU
		{C8B439DF-C2FA-4966-845C-947E96D400CB}.Debug|Any CPU.Build.0 = Debug|Any CPU
		{C8B439DF-C2FA-4966-845C-947E96D400CB}.Debug|x64.ActiveCfg = Debug|Any CPU
		{C8B439DF-C2FA-4966-845C-947E96D400CB}.Debug|x64.Build.0 = Debug|Any CPU
		{C8B439DF-C2FA-4966-845C-947E96D400CB}.Debug|x86.ActiveCfg = Debug|Any CPU
		{C8B439DF-C2FA-4966-845C-947E96D400CB}.Debug|x86.Build.0 = Debug|Any CPU
		{C8B439DF-C2FA-4966-845C-947E96D400CB}.Release|Any CPU.ActiveCfg = Release|Any CPU
		{C8B439DF-C2FA-4966-845C-947E96D400CB}.Release|Any CPU.Build.0 = Release|Any CPU
		{C8B439DF-C2FA-4966-845C-947E96D400CB}.Release|x64.ActiveCfg = Release|Any CPU
		{C8B439DF-C2FA-4966-845C-947E96D400CB}.Release|x64.Build.0 = Release|Any CPU
		{C8B439DF-C2FA-4966-845C-947E96D400CB}.Release|x86.ActiveCfg = Release|Any CPU
		{C8B439DF-C2FA-4966-845C-947E96D400CB}.Release|x86.Build.0 = Release|Any CPU
		{5068BD0E-6348-4A13-AE87-346A55BFB834}.Debug|Any CPU.ActiveCfg = Debug|Any CPU
		{5068BD0E-6348-4A13-AE87-346A55BFB834}.Debug|Any CPU.Build.0 = Debug|Any CPU
		{5068BD0E-6348-4A13-AE87-346A55BFB834}.Debug|x64.ActiveCfg = Debug|Any CPU
		{5068BD0E-6348-4A13-AE87-346A55BFB834}.Debug|x64.Build.0 = Debug|Any CPU
		{5068BD0E-6348-4A13-AE87-346A55BFB834}.Debug|x86.ActiveCfg = Debug|Any CPU
		{5068BD0E-6348-4A13-AE87-346A55BFB834}.Debug|x86.Build.0 = Debug|Any CPU
		{5068BD0E-6348-4A13-AE87-346A55BFB834}.Release|Any CPU.ActiveCfg = Release|Any CPU
		{5068BD0E-6348-4A13-AE87-346A55BFB834}.Release|Any CPU.Build.0 = Release|Any CPU
		{5068BD0E-6348-4A13-AE87-346A55BFB834}.Release|x64.ActiveCfg = Release|Any CPU
		{5068BD0E-6348-4A13-AE87-346A55BFB834}.Release|x64.Build.0 = Release|Any CPU
		{5068BD0E-6348-4A13-AE87-346A55BFB834}.Release|x86.ActiveCfg = Release|Any CPU
		{5068BD0E-6348-4A13-AE87-346A55BFB834}.Release|x86.Build.0 = Release|Any CPU
		{DB666BA2-1464-4C0D-85FD-E55D2FF90C4F}.Debug|Any CPU.ActiveCfg = Debug|Any CPU
		{DB666BA2-1464-4C0D-85FD-E55D2FF90C4F}.Debug|Any CPU.Build.0 = Debug|Any CPU
		{DB666BA2-1464-4C0D-85FD-E55D2FF90C4F}.Debug|x64.ActiveCfg = Debug|Any CPU
		{DB666BA2-1464-4C0D-85FD-E55D2FF90C4F}.Debug|x64.Build.0 = Debug|Any CPU
		{DB666BA2-1464-4C0D-85FD-E55D2FF90C4F}.Debug|x86.ActiveCfg = Debug|Any CPU
		{DB666BA2-1464-4C0D-85FD-E55D2FF90C4F}.Debug|x86.Build.0 = Debug|Any CPU
		{DB666BA2-1464-4C0D-85FD-E55D2FF90C4F}.Release|Any CPU.ActiveCfg = Release|Any CPU
		{DB666BA2-1464-4C0D-85FD-E55D2FF90C4F}.Release|Any CPU.Build.0 = Release|Any CPU
		{DB666BA2-1464-4C0D-85FD-E55D2FF90C4F}.Release|x64.ActiveCfg = Release|Any CPU
		{DB666BA2-1464-4C0D-85FD-E55D2FF90C4F}.Release|x64.Build.0 = Release|Any CPU
		{DB666BA2-1464-4C0D-85FD-E55D2FF90C4F}.Release|x86.ActiveCfg = Release|Any CPU
		{DB666BA2-1464-4C0D-85FD-E55D2FF90C4F}.Release|x86.Build.0 = Release|Any CPU
	EndGlobalSection
	GlobalSection(SolutionProperties) = preSolution
		HideSolutionNode = FALSE
	EndGlobalSection
	GlobalSection(NestedProjects) = preSolution
		{A7FD33F6-68B0-4B1D-8C19-6C5E02C2F7E1} = {8BC9CEB8-8B4A-11D0-8D11-00A0C91BC942}
		{B8FE44F7-79C1-4C2E-9D2A-7D6F03D3F8F2} = {8BC9CEB8-8B4A-11D0-8D11-00A0C91BC942}
		{59996FF8-11DE-4E1F-B86A-D6917CFB5399} = {0CCA0EB9-9C5B-22E1-9E22-11B1D92CD054}
		{99428F86-7707-4A79-9901-5E0311383A43} = {0CCA0EB9-9C5B-22E1-9E22-11B1D92CD054}
		{55E804DB-0CD9-429D-8185-3916C157BABF} = {0CCA0EB9-9C5B-22E1-9E22-11B1D92CD054}
		{A1234567-89AB-CDEF-0123-456789ABCDEF} = {0CCA0EB9-9C5B-22E1-9E22-11B1D92CD054}
		{B2345678-9ABC-DEF0-1234-56789ABCDEF0} = {0CCA0EB9-9C5B-22E1-9E22-11B1D92CD054}
		{C3456789-ABCD-EF01-2345-6789ABCDEF01} = {0CCA0EB9-9C5B-22E1-9E22-11B1D92CD054}
		{D4567890-BCDE-F012-3456-789ABCDEF012} = {0CCA0EB9-9C5B-22E1-9E22-11B1D92CD054}
		{E5678901-CDEF-0123-4567-89ABCDEF0123} = {0CCA0EB9-9C5B-22E1-9E22-11B1D92CD054}
		{F6789012-DEF0-1234-5678-9ABCDEF01234} = {0CCA0EB9-9C5B-22E1-9E22-11B1D92CD054}
		{10890123-EF01-2345-6789-ABCDEF012345} = {0CCA0EB9-9C5B-22E1-9E22-11B1D92CD054}
		{21901234-F012-3456-789A-BCDEF0123456} = {0CCA0EB9-9C5B-22E1-9E22-11B1D92CD054}
		{32012345-0123-4567-89AB-CDEF01234567} = {0CCA0EB9-9C5B-22E1-9E22-11B1D92CD054}
		{6143503F-C9DB-4630-821C-3475738F7CA7} = {0CCA0EB9-9C5B-22E1-9E22-11B1D92CD054}
		{DC781138-A3D5-4AD9-8290-F92FBEF828C1} = {0CCA0EB9-9C5B-22E1-9E22-11B1D92CD054}
		{139FA523-CAF0-4EE4-8C5F-C4AE417473A5} = {0CCA0EB9-9C5B-22E1-9E22-11B1D92CD054}
		{980DE681-BBA8-481A-A3AE-42D0918E079B} = {0CCA0EB9-9C5B-22E1-9E22-11B1D92CD054}
		{5035EAAB-C8E2-45E1-8DEB-66C3CDBAA5DB} = {0CCA0EB9-9C5B-22E1-9E22-11B1D92CD054}
		{B20C7BE9-8BFB-46F0-883D-BE29861114DA} = {0CCA0EB9-9C5B-22E1-9E22-11B1D92CD054}
		{E3DE301D-EE20-439D-865B-A13ADFF11332} = {0CCA0EB9-9C5B-22E1-9E22-11B1D92CD054}
		{211DA789-27EF-4339-A52F-79F87E3E36DA} = {0CCA0EB9-9C5B-22E1-9E22-11B1D92CD054}
		{8FF1199E-BABF-48F9-A0B2-1CCFAF57261B} = {0CCA0EB9-9C5B-22E1-9E22-11B1D92CD054}
		{5F96E107-560F-4082-A4EB-33B128836EC9} = {0CCA0EB9-9C5B-22E1-9E22-11B1D92CD054}
		{755E6E0D-44E4-47C5-A677-DAD12A61BD8A} = {0CCA0EB9-9C5B-22E1-9E22-11B1D92CD054}
		{C8B439DF-C2FA-4966-845C-947E96D400CB} = {0CCA0EB9-9C5B-22E1-9E22-11B1D92CD054}
		{5068BD0E-6348-4A13-AE87-346A55BFB834} = {0CCA0EB9-9C5B-22E1-9E22-11B1D92CD054}
		{DB666BA2-1464-4C0D-85FD-E55D2FF90C4F} = {0CCA0EB9-9C5B-22E1-9E22-11B1D92CD054}
	EndGlobalSection
	GlobalSection(ExtensibilityGlobals) = postSolution
		SolutionGuid = {0CBE475C-0102-41EF-96A2-1DBE0DF6F2E1}
	EndGlobalSection
EndGlobal
